
Microsoft Visual Studio Solution File, Format Version 12.00
# Visual Studio Version 17
VisualStudioVersion = 17.4.33213.308
MinimumVisualStudioVersion = 10.0.40219.1
Project("{FAE04EC0-301F-11D3-BF4B-00C04F79EFBC}") = "MoodAnalyser-UC6", "MoodAnalyser-UC6\MoodAnalyser-UC6.csproj", "{1F7DB7C5-1719-4C76-B63A-AF306C91F150}"
EndProject
Project("{FAE04EC0-301F-11D3-BF4B-00C04F79EFBC}") = "TestProject1", "TestProject1\TestProject1.csproj", "{C54C375D-0CCA-4583-8B47-95B4DD038C60}"
EndProject
Global
	GlobalSection(SolutionConfigurationPlatforms) = preSolution
		Debug|Any CPU = Debug|Any CPU
		Release|Any CPU = Release|Any CPU
	EndGlobalSection
	GlobalSection(ProjectConfigurationPlatforms) = postSolution
		{1F7DB7C5-1719-4C76-B63A-AF306C91F150}.Debug|Any CPU.ActiveCfg = Debug|Any CPU
		{1F7DB7C5-1719-4C76-B63A-AF306C91F150}.Debug|Any CPU.Build.0 = Debug|Any CPU
		{1F7DB7C5-1719-4C76-B63A-AF306C91F150}.Release|Any CPU.ActiveCfg = Release|Any CPU
		{1F7DB7C5-1719-4C76-B63A-AF306C91F150}.Release|Any CPU.Build.0 = Release|Any CPU
		{C54C375D-0CCA-4583-8B47-95B4DD038C60}.Debug|Any CPU.ActiveCfg = Debug|Any CPU
		{C54C375D-0CCA-4583-8B47-95B4DD038C60}.Debug|Any CPU.Build.0 = Debug|Any CPU
		{C54C375D-0CCA-4583-8B47-95B4DD038C60}.Release|Any CPU.ActiveCfg = Release|Any CPU
		{C54C375D-0CCA-4583-8B47-95B4DD038C60}.Release|Any CPU.Build.0 = Release|Any CPU
	EndGlobalSection
	GlobalSection(SolutionProperties) = preSolution
		HideSolutionNode = FALSE
	EndGlobalSection
	GlobalSection(ExtensibilityGlobals) = postSolution
		SolutionGuid = {F043BDC9-C016-4F6A-B86A-28911BAE0D43}
	EndGlobalSection
EndGlobal
