
Microsoft Visual Studio Solution File, Format Version 12.00
# Visual Studio Version 17
VisualStudioVersion = 17.4.33213.308
MinimumVisualStudioVersion = 10.0.40219.1
Project("{FAE04EC0-301F-11D3-BF4B-00C04F79EFBC}") = "TC-1.2", "TC-1.2\TC-1.2.csproj", "{1C61EB52-7FC7-4A34-820E-C4ECDFC51AED}"
EndProject
Project("{FAE04EC0-301F-11D3-BF4B-00C04F79EFBC}") = "TestProject1", "TestProject1\TestProject1.csproj", "{C73D5AE2-3872-4427-AAAD-483614DA02B4}"
EndProject
Global
	GlobalSection(SolutionConfigurationPlatforms) = preSolution
		Debug|Any CPU = Debug|Any CPU
		Release|Any CPU = Release|Any CPU
	EndGlobalSection
	GlobalSection(ProjectConfigurationPlatforms) = postSolution
		{1C61EB52-7FC7-4A34-820E-C4ECDFC51AED}.Debug|Any CPU.ActiveCfg = Debug|Any CPU
		{1C61EB52-7FC7-4A34-820E-C4ECDFC51AED}.Debug|Any CPU.Build.0 = Debug|Any CPU
		{1C61EB52-7FC7-4A34-820E-C4ECDFC51AED}.Release|Any CPU.ActiveCfg = Release|Any CPU
		{1C61EB52-7FC7-4A34-820E-C4ECDFC51AED}.Release|Any CPU.Build.0 = Release|Any CPU
		{C73D5AE2-3872-4427-AAAD-483614DA02B4}.Debug|Any CPU.ActiveCfg = Debug|Any CPU
		{C73D5AE2-3872-4427-AAAD-483614DA02B4}.Debug|Any CPU.Build.0 = Debug|Any CPU
		{C73D5AE2-3872-4427-AAAD-483614DA02B4}.Release|Any CPU.ActiveCfg = Release|Any CPU
		{C73D5AE2-3872-4427-AAAD-483614DA02B4}.Release|Any CPU.Build.0 = Release|Any CPU
	EndGlobalSection
	GlobalSection(SolutionProperties) = preSolution
		HideSolutionNode = FALSE
	EndGlobalSection
	GlobalSection(ExtensibilityGlobals) = postSolution
		SolutionGuid = {0F258BC6-25DD-4E53-A422-4405729ACC69}
	EndGlobalSection
EndGlobal
